
Microsoft Visual Studio Solution File, Format Version 12.00
# Visual Studio 15
VisualStudioVersion = 15.0.27130.2003
MinimumVisualStudioVersion = 10.0.40219.1
Project("{FAE04EC0-301F-11D3-BF4B-00C04F79EFBC}") = "SerialDemo", "SerialDemo\SerialDemo.csproj", "{FEED5550-70F8-496D-B74F-55CCC2A9C3F7}"
EndProject
Global
	GlobalSection(SolutionConfigurationPlatforms) = preSolution
		Debug|Any CPU = Debug|Any CPU
		Release|Any CPU = Release|Any CPU
	EndGlobalSection
	GlobalSection(ProjectConfigurationPlatforms) = postSolution
		{FEED5550-70F8-496D-B74F-55CCC2A9C3F7}.Debug|Any CPU.ActiveCfg = Debug|Any CPU
		{FEED5550-70F8-496D-B74F-55CCC2A9C3F7}.Debug|Any CPU.Build.0 = Debug|Any CPU
		{FEED5550-70F8-496D-B74F-55CCC2A9C3F7}.Release|Any CPU.ActiveCfg = Release|Any CPU
		{FEED5550-70F8-496D-B74F-55CCC2A9C3F7}.Release|Any CPU.Build.0 = Release|Any CPU
	EndGlobalSection
	GlobalSection(SolutionProperties) = preSolution
		HideSolutionNode = FALSE
	EndGlobalSection
	GlobalSection(ExtensibilityGlobals) = postSolution
		SolutionGuid = {4E98F3FD-0AED-4EEC-8D5D-3310FAF9B635}
	EndGlobalSection
EndGlobal
