
Microsoft Visual Studio Solution File, Format Version 12.00
# Visual Studio 15
VisualStudioVersion = 15.0.27004.2005
MinimumVisualStudioVersion = 10.0.40219.1
Project("{FAE04EC0-301F-11D3-BF4B-00C04F79EFBC}") = "DDSSLFace", "DDSSLFace\DDSSLFace.csproj", "{861077C9-A0E4-4417-8E71-99752ECCA123}"
EndProject
Global
	GlobalSection(SolutionConfigurationPlatforms) = preSolution
		Debug|ARM = Debug|ARM
		Debug|x64 = Debug|x64
		Debug|x86 = Debug|x86
		Release|ARM = Release|ARM
		Release|x64 = Release|x64
		Release|x86 = Release|x86
	EndGlobalSection
	GlobalSection(ProjectConfigurationPlatforms) = postSolution
		{861077C9-A0E4-4417-8E71-99752ECCA123}.Debug|ARM.ActiveCfg = Debug|ARM
		{861077C9-A0E4-4417-8E71-99752ECCA123}.Debug|ARM.Build.0 = Debug|ARM
		{861077C9-A0E4-4417-8E71-99752ECCA123}.Debug|ARM.Deploy.0 = Debug|ARM
		{861077C9-A0E4-4417-8E71-99752ECCA123}.Debug|x64.ActiveCfg = Debug|x64
		{861077C9-A0E4-4417-8E71-99752ECCA123}.Debug|x64.Build.0 = Debug|x64
		{861077C9-A0E4-4417-8E71-99752ECCA123}.Debug|x64.Deploy.0 = Debug|x64
		{861077C9-A0E4-4417-8E71-99752ECCA123}.Debug|x86.ActiveCfg = Debug|x86
		{861077C9-A0E4-4417-8E71-99752ECCA123}.Debug|x86.Build.0 = Debug|x86
		{861077C9-A0E4-4417-8E71-99752ECCA123}.Debug|x86.Deploy.0 = Debug|x86
		{861077C9-A0E4-4417-8E71-99752ECCA123}.Release|ARM.ActiveCfg = Release|ARM
		{861077C9-A0E4-4417-8E71-99752ECCA123}.Release|ARM.Build.0 = Release|ARM
		{861077C9-A0E4-4417-8E71-99752ECCA123}.Release|ARM.Deploy.0 = Release|ARM
		{861077C9-A0E4-4417-8E71-99752ECCA123}.Release|x64.ActiveCfg = Release|x64
		{861077C9-A0E4-4417-8E71-99752ECCA123}.Release|x64.Build.0 = Release|x64
		{861077C9-A0E4-4417-8E71-99752ECCA123}.Release|x64.Deploy.0 = Release|x64
		{861077C9-A0E4-4417-8E71-99752ECCA123}.Release|x86.ActiveCfg = Release|x86
		{861077C9-A0E4-4417-8E71-99752ECCA123}.Release|x86.Build.0 = Release|x86
		{861077C9-A0E4-4417-8E71-99752ECCA123}.Release|x86.Deploy.0 = Release|x86
	EndGlobalSection
	GlobalSection(SolutionProperties) = preSolution
		HideSolutionNode = FALSE
	EndGlobalSection
	GlobalSection(ExtensibilityGlobals) = postSolution
		SolutionGuid = {98FF366C-13AD-48F5-9694-92D7E569BD51}
	EndGlobalSection
EndGlobal
